// !$*UTF8*$!
{
	archiveVersion = 1;
	classes = {
	};
	objectVersion = 46;
	objects = {

/* Begin PBXBuildFile section */
		8E0A29ED1B10F24800E625ED /* Linter.m in Sources */ = {isa = PBXBuildFile; fileRef = 8E0A29EC1B10F24800E625ED /* Linter.m */; };
		8EBC13971B0D008D009EFBF7 /* testlint in Copy to personal drop box */ = {isa = PBXBuildFile; fileRef = 8ECAFF0F1B0A76FD00A97C1C /* testlint */; };
		8ECAFF131B0A76FD00A97C1C /* main.m in Sources */ = {isa = PBXBuildFile; fileRef = 8ECAFF121B0A76FD00A97C1C /* main.m */; };
		8ECAFF1A1B0A771700A97C1C /* testlint in Copy to personal bin folder */ = {isa = PBXBuildFile; fileRef = 8ECAFF0F1B0A76FD00A97C1C /* testlint */; };
		8ECAFF201B0A786000A97C1C /* NSArray+Frankenstein.m in Sources */ = {isa = PBXBuildFile; fileRef = 8ECAFF1D1B0A785300A97C1C /* NSArray+Frankenstein.m */; };
		8ECAFF251B0A7FA300A97C1C /* Utility.m in Sources */ = {isa = PBXBuildFile; fileRef = 8ECAFF241B0A7FA300A97C1C /* Utility.m */; };
		8ECAFF2C1B0A895900A97C1C /* RegexHelper.m in Sources */ = {isa = PBXBuildFile; fileRef = 8ECAFF2B1B0A895900A97C1C /* RegexHelper.m */; };
/* End PBXBuildFile section */

/* Begin PBXCopyFilesBuildPhase section */
		8EBC13941B0D007A009EFBF7 /* Copy to personal drop box */ = {
			isa = PBXCopyFilesBuildPhase;
			buildActionMask = 2147483647;
			dstPath = "/Users/ericasadun/Public/Drop Box";
			dstSubfolderSpec = 0;
			files = (
				8EBC13971B0D008D009EFBF7 /* testlint in Copy to personal drop box */,
			);
			name = "Copy to personal drop box";
			runOnlyForDeploymentPostprocessing = 0;
		};
		8ECAFF191B0A770A00A97C1C /* Copy to personal bin folder */ = {
			isa = PBXCopyFilesBuildPhase;
			buildActionMask = 2147483647;
			dstPath = /Users/ericasadun/bin;
			dstSubfolderSpec = 0;
			files = (
				8ECAFF1A1B0A771700A97C1C /* testlint in Copy to personal bin folder */,
			);
			name = "Copy to personal bin folder";
			runOnlyForDeploymentPostprocessing = 0;
		};
/* End PBXCopyFilesBuildPhase section */

/* Begin PBXFileReference section */
		8E0A29EB1B10F24800E625ED /* Linter.h */ = {isa = PBXFileReference; fileEncoding = 4; lastKnownFileType = sourcecode.c.h; path = Linter.h; sourceTree = "<group>"; };
		8E0A29EC1B10F24800E625ED /* Linter.m */ = {isa = PBXFileReference; fileEncoding = 4; lastKnownFileType = sourcecode.c.objc; path = Linter.m; sourceTree = "<group>"; };
		8E0A29F11B1111E300E625ED /* heyitsme.h */ = {isa = PBXFileReference; lastKnownFileType = sourcecode.c.h; name = heyitsme.h; path = ../../../../heyitsme.h; sourceTree = "<group>"; };
		8ECAFF0F1B0A76FD00A97C1C /* testlint */ = {isa = PBXFileReference; explicitFileType = "compiled.mach-o.executable"; includeInIndex = 0; path = testlint; sourceTree = BUILT_PRODUCTS_DIR; };
		8ECAFF121B0A76FD00A97C1C /* main.m */ = {isa = PBXFileReference; lastKnownFileType = sourcecode.c.objc; name = main.m; path = ../testlint/main.m; sourceTree = "<group>"; };
		8ECAFF1C1B0A785300A97C1C /* NSArray+Frankenstein.h */ = {isa = PBXFileReference; lastKnownFileType = sourcecode.c.h; path = "NSArray+Frankenstein.h"; sourceTree = "<group>"; };
		8ECAFF1D1B0A785300A97C1C /* NSArray+Frankenstein.m */ = {isa = PBXFileReference; lastKnownFileType = sourcecode.c.objc; path = "NSArray+Frankenstein.m"; sourceTree = "<group>"; };
		8ECAFF231B0A7FA300A97C1C /* Utility.h */ = {isa = PBXFileReference; fileEncoding = 4; lastKnownFileType = sourcecode.c.h; path = Utility.h; sourceTree = "<group>"; };
		8ECAFF241B0A7FA300A97C1C /* Utility.m */ = {isa = PBXFileReference; fileEncoding = 4; lastKnownFileType = sourcecode.c.objc; path = Utility.m; sourceTree = "<group>"; };
		8ECAFF2A1B0A895900A97C1C /* RegexHelper.h */ = {isa = PBXFileReference; fileEncoding = 4; lastKnownFileType = sourcecode.c.h; path = RegexHelper.h; sourceTree = "<group>"; };
		8ECAFF2B1B0A895900A97C1C /* RegexHelper.m */ = {isa = PBXFileReference; fileEncoding = 4; lastKnownFileType = sourcecode.c.objc; path = RegexHelper.m; sourceTree = "<group>"; };
/* End PBXFileReference section */

/* Begin PBXFrameworksBuildPhase section */
		8ECAFF0C1B0A76FD00A97C1C /* Frameworks */ = {
			isa = PBXFrameworksBuildPhase;
			buildActionMask = 2147483647;
			files = (
			);
			runOnlyForDeploymentPostprocessing = 0;
		};
/* End PBXFrameworksBuildPhase section */

/* Begin PBXGroup section */
		8ECAFF061B0A76FD00A97C1C = {
			isa = PBXGroup;
			children = (
				8E0A29F11B1111E300E625ED /* heyitsme.h */,
				8ECAFF1B1B0A785300A97C1C /* Source */,
				8ECAFF101B0A76FD00A97C1C /* Products */,
			);
			sourceTree = "<group>";
		};
		8ECAFF101B0A76FD00A97C1C /* Products */ = {
			isa = PBXGroup;
			children = (
				8ECAFF0F1B0A76FD00A97C1C /* testlint */,
			);
			name = Products;
			sourceTree = "<group>";
		};
		8ECAFF1B1B0A785300A97C1C /* Source */ = {
			isa = PBXGroup;
			children = (
				8ECAFF121B0A76FD00A97C1C /* main.m */,
				8E0A29EB1B10F24800E625ED /* Linter.h */,
				8E0A29EC1B10F24800E625ED /* Linter.m */,
				8ECAFF231B0A7FA300A97C1C /* Utility.h */,
				8ECAFF241B0A7FA300A97C1C /* Utility.m */,
				8ECAFF1C1B0A785300A97C1C /* NSArray+Frankenstein.h */,
				8ECAFF1D1B0A785300A97C1C /* NSArray+Frankenstein.m */,
				8ECAFF2A1B0A895900A97C1C /* RegexHelper.h */,
				8ECAFF2B1B0A895900A97C1C /* RegexHelper.m */,
			);
			name = Source;
			path = sources;
			sourceTree = "<group>";
		};
/* End PBXGroup section */

/* Begin PBXNativeTarget section */
		8ECAFF0E1B0A76FD00A97C1C /* testlint */ = {
			isa = PBXNativeTarget;
			buildConfigurationList = 8ECAFF161B0A76FD00A97C1C /* Build configuration list for PBXNativeTarget "testlint" */;
			buildPhases = (
				8ECAFF0B1B0A76FD00A97C1C /* Sources */,
				8ECAFF0C1B0A76FD00A97C1C /* Frameworks */,
				8ECAFF191B0A770A00A97C1C /* Copy to personal bin folder */,
				8EBC13941B0D007A009EFBF7 /* Copy to personal drop box */,
			);
			buildRules = (
			);
			dependencies = (
			);
			name = testlint;
			productName = testlint;
			productReference = 8ECAFF0F1B0A76FD00A97C1C /* testlint */;
			productType = "com.apple.product-type.tool";
		};
/* End PBXNativeTarget section */

/* Begin PBXProject section */
		8ECAFF071B0A76FD00A97C1C /* Project object */ = {
			isa = PBXProject;
			attributes = {
				LastUpgradeCheck = 0630;
				ORGANIZATIONNAME = "Erica Sadun";
				TargetAttributes = {
					8ECAFF0E1B0A76FD00A97C1C = {
						CreatedOnToolsVersion = 6.3.1;
					};
				};
			};
			buildConfigurationList = 8ECAFF0A1B0A76FD00A97C1C /* Build configuration list for PBXProject "testlint" */;
			compatibilityVersion = "Xcode 3.2";
			developmentRegion = English;
			hasScannedForEncodings = 0;
			knownRegions = (
				en,
			);
			mainGroup = 8ECAFF061B0A76FD00A97C1C;
			productRefGroup = 8ECAFF101B0A76FD00A97C1C /* Products */;
			projectDirPath = "";
			projectRoot = "";
			targets = (
				8ECAFF0E1B0A76FD00A97C1C /* testlint */,
			);
		};
/* End PBXProject section */

/* Begin PBXSourcesBuildPhase section */
		8ECAFF0B1B0A76FD00A97C1C /* Sources */ = {
			isa = PBXSourcesBuildPhase;
			buildActionMask = 2147483647;
			files = (
				8ECAFF2C1B0A895900A97C1C /* RegexHelper.m in Sources */,
				8ECAFF251B0A7FA300A97C1C /* Utility.m in Sources */,
				8ECAFF201B0A786000A97C1C /* NSArray+Frankenstein.m in Sources */,
				8ECAFF131B0A76FD00A97C1C /* main.m in Sources */,
				8E0A29ED1B10F24800E625ED /* Linter.m in Sources */,
			);
			runOnlyForDeploymentPostprocessing = 0;
		};
/* End PBXSourcesBuildPhase section */

/* Begin XCBuildConfiguration section */
		8ECAFF141B0A76FD00A97C1C /* Debug */ = {
			isa = XCBuildConfiguration;
			buildSettings = {
				ALWAYS_SEARCH_USER_PATHS = NO;
				CLANG_CXX_LANGUAGE_STANDARD = "gnu++0x";
				CLANG_CXX_LIBRARY = "libc++";
				CLANG_ENABLE_MODULES = YES;
				CLANG_ENABLE_OBJC_ARC = YES;
				CLANG_WARN_BOOL_CONVERSION = YES;
				CLANG_WARN_CONSTANT_CONVERSION = YES;
				CLANG_WARN_DIRECT_OBJC_ISA_USAGE = YES_ERROR;
				CLANG_WARN_EMPTY_BODY = YES;
				CLANG_WARN_ENUM_CONVERSION = YES;
				CLANG_WARN_INT_CONVERSION = YES;
				CLANG_WARN_OBJC_ROOT_CLASS = YES_ERROR;
				CLANG_WARN_UNREACHABLE_CODE = YES;
				CLANG_WARN__DUPLICATE_METHOD_MATCH = YES;
				COPY_PHASE_STRIP = NO;
				DEBUG_INFORMATION_FORMAT = dwarf;
				ENABLE_STRICT_OBJC_MSGSEND = YES;
				GCC_C_LANGUAGE_STANDARD = gnu99;
				GCC_DYNAMIC_NO_PIC = NO;
				GCC_NO_COMMON_BLOCKS = YES;
				GCC_OPTIMIZATION_LEVEL = 0;
				GCC_PREPROCESSOR_DEFINITIONS = (
					"DEBUG=1",
					"$(inherited)",
				);
				GCC_SYMBOLS_PRIVATE_EXTERN = NO;
				GCC_WARN_64_TO_32_BIT_CONVERSION = YES;
				GCC_WARN_ABOUT_RETURN_TYPE = YES_ERROR;
				GCC_WARN_UNDECLARED_SELECTOR = YES;
				GCC_WARN_UNINITIALIZED_AUTOS = YES_AGGRESSIVE;
				GCC_WARN_UNUSED_FUNCTION = YES;
				GCC_WARN_UNUSED_VARIABLE = YES;
				MACOSX_DEPLOYMENT_TARGET = 10.10;
				MTL_ENABLE_DEBUG_INFO = YES;
				ONLY_ACTIVE_ARCH = YES;
				SDKROOT = macosx;
			};
			name = Debug;
		};
		8ECAFF151B0A76FD00A97C1C /* Release */ = {
			isa = XCBuildConfiguration;
			buildSettings = {
				ALWAYS_SEARCH_USER_PATHS = NO;
				CLANG_CXX_LANGUAGE_STANDARD = "gnu++0x";
				CLANG_CXX_LIBRARY = "libc++";
				CLANG_ENABLE_MODULES = YES;
				CLANG_ENABLE_OBJC_ARC = YES;
				CLANG_WARN_BOOL_CONVERSION = YES;
				CLANG_WARN_CONSTANT_CONVERSION = YES;
				CLANG_WARN_DIRECT_OBJC_ISA_USAGE = YES_ERROR;
				CLANG_WARN_EMPTY_BODY = YES;
				CLANG_WARN_ENUM_CONVERSION = YES;
				CLANG_WARN_INT_CONVERSION = YES;
				CLANG_WARN_OBJC_ROOT_CLASS = YES_ERROR;
				CLANG_WARN_UNREACHABLE_CODE = YES;
				CLANG_WARN__DUPLICATE_METHOD_MATCH = YES;
				COPY_PHASE_STRIP = NO;
				DEBUG_INFORMATION_FORMAT = "dwarf-with-dsym";
				ENABLE_NS_ASSERTIONS = NO;
				ENABLE_STRICT_OBJC_MSGSEND = YES;
				GCC_C_LANGUAGE_STANDARD = gnu99;
				GCC_NO_COMMON_BLOCKS = YES;
				GCC_WARN_64_TO_32_BIT_CONVERSION = YES;
				GCC_WARN_ABOUT_RETURN_TYPE = YES_ERROR;
				GCC_WARN_UNDECLARED_SELECTOR = YES;
				GCC_WARN_UNINITIALIZED_AUTOS = YES_AGGRESSIVE;
				GCC_WARN_UNUSED_FUNCTION = YES;
				GCC_WARN_UNUSED_VARIABLE = YES;
				MACOSX_DEPLOYMENT_TARGET = 10.10;
				MTL_ENABLE_DEBUG_INFO = NO;
				SDKROOT = macosx;
			};
			name = Release;
		};
		8ECAFF171B0A76FD00A97C1C /* Debug */ = {
			isa = XCBuildConfiguration;
			buildSettings = {
				PRODUCT_NAME = "$(TARGET_NAME)";
			};
			name = Debug;
		};
		8ECAFF181B0A76FD00A97C1C /* Release */ = {
			isa = XCBuildConfiguration;
			buildSettings = {
				PRODUCT_NAME = "$(TARGET_NAME)";
			};
			name = Release;
		};
/* End XCBuildConfiguration section */

/* Begin XCConfigurationList section */
		8ECAFF0A1B0A76FD00A97C1C /* Build configuration list for PBXProject "testlint" */ = {
			isa = XCConfigurationList;
			buildConfigurations = (
				8ECAFF141B0A76FD00A97C1C /* Debug */,
				8ECAFF151B0A76FD00A97C1C /* Release */,
			);
			defaultConfigurationIsVisible = 0;
			defaultConfigurationName = Release;
		};
		8ECAFF161B0A76FD00A97C1C /* Build configuration list for PBXNativeTarget "testlint" */ = {
			isa = XCConfigurationList;
			buildConfigurations = (
				8ECAFF171B0A76FD00A97C1C /* Debug */,
				8ECAFF181B0A76FD00A97C1C /* Release */,
			);
			defaultConfigurationIsVisible = 0;
			defaultConfigurationName = Release;
		};
/* End XCConfigurationList section */
	};
	rootObject = 8ECAFF071B0A76FD00A97C1C /* Project object */;
}
